
Microsoft Visual Studio Solution File, Format Version 12.00
# Visual Studio Version 17
VisualStudioVersion = 17.0.32112.339
MinimumVisualStudioVersion = 10.0.40219.1
Project("{9A19103F-16F7-4668-BE54-9A1E7A4F7556}") = "Web.UI", "Web.UI\Web.UI.csproj", "{CD717847-E426-4316-A036-DC3F4FC4E4ED}"
EndProject
Global
	GlobalSection(SolutionConfigurationPlatforms) = preSolution
		Debug|Any CPU = Debug|Any CPU
		Release|Any CPU = Release|Any CPU
	EndGlobalSection
	GlobalSection(ProjectConfigurationPlatforms) = postSolution
		{CD717847-E426-4316-A036-DC3F4FC4E4ED}.Debug|Any CPU.ActiveCfg = Debug|Any CPU
		{CD717847-E426-4316-A036-DC3F4FC4E4ED}.Debug|Any CPU.Build.0 = Debug|Any CPU
		{CD717847-E426-4316-A036-DC3F4FC4E4ED}.Release|Any CPU.ActiveCfg = Release|Any CPU
		{CD717847-E426-4316-A036-DC3F4FC4E4ED}.Release|Any CPU.Build.0 = Release|Any CPU
	EndGlobalSection
	GlobalSection(SolutionProperties) = preSolution
		HideSolutionNode = FALSE
	EndGlobalSection
	GlobalSection(ExtensibilityGlobals) = postSolution
		SolutionGuid = {55166A96-9FBD-459B-A4E3-7CA084FB49D7}
	EndGlobalSection
EndGlobal
